{
  "R": {
    "Version": "4.5.2",
    "Repositories": [
      {
        "Name": "CRAN",
        "URL": "https://cloud.r-project.org"
      }
    ]
  },
  "Packages": {
    "Matrix": {
      "Package": "Matrix",
      "Version": "1.7-4",
      "Source": "Repository",
      "VersionNote": "do also bump src/version.h, inst/include/Matrix/version.h",
      "Date": "2025-08-27",
      "Priority": "recommended",
      "Title": "Sparse and Dense Matrix Classes and Methods",
      "Description": "A rich hierarchy of sparse and dense matrix classes, including general, symmetric, triangular, and diagonal matrices with numeric, logical, or pattern entries.  Efficient methods for operating on such matrices, often wrapping the 'BLAS', 'LAPACK', and 'SuiteSparse' libraries.",
      "License": "GPL (>= 2) | file LICENCE",
      "URL": "https://Matrix.R-forge.R-project.org",
      "BugReports": "https://R-forge.R-project.org/tracker/?atid=294&group_id=61",
      "Contact": "Matrix-authors@R-project.org",
      "Authors@R": "c(person(\"Douglas\", \"Bates\", role = \"aut\", comment = c(ORCID = \"0000-0001-8316-9503\")), person(\"Martin\", \"Maechler\", role = c(\"aut\", \"cre\"), email = \"mmaechler+Matrix@gmail.com\", comment = c(ORCID = \"0000-0002-8685-9910\")), person(\"Mikael\", \"Jagan\", role = \"aut\", comment = c(ORCID = \"0000-0002-3542-2938\")), person(\"Timothy A.\", \"Davis\", role = \"ctb\", comment = c(ORCID = \"0000-0001-7614-6899\", \"SuiteSparse libraries\", \"collaborators listed in dir(system.file(\\\"doc\\\", \\\"SuiteSparse\\\", package=\\\"Matrix\\\"), pattern=\\\"License\\\", full.names=TRUE, recursive=TRUE)\")), person(\"George\", \"Karypis\", role = \"ctb\", comment = c(ORCID = \"0000-0003-2753-1437\", \"METIS library\", \"Copyright: Regents of the University of Minnesota\")), person(\"Jason\", \"Riedy\", role = \"ctb\", comment = c(ORCID = \"0000-0002-4345-4200\", \"GNU Octave's condest() and onenormest()\", \"Copyright: Regents of the University of California\")), person(\"Jens\", \"Oehlschlägel\", role = \"ctb\", comment = \"initial nearPD()\"), person(\"R Core Team\", role = \"ctb\", comment = c(ROR = \"02zz1nj61\", \"base R's matrix implementation\")))",
      "Depends": [
        "R (>= 4.4)",
        "methods"
      ],
      "Imports": [
        "grDevices",
        "graphics",
        "grid",
        "lattice",
        "stats",
        "utils"
      ],
      "Suggests": [
        "MASS",
        "datasets",
        "sfsmisc",
        "tools"
      ],
      "Enhances": [
        "SparseM",
        "graph"
      ],
      "LazyData": "no",
      "LazyDataNote": "not possible, since we use data/*.R and our S4 classes",
      "BuildResaveData": "no",
      "Encoding": "UTF-8",
      "NeedsCompilation": "yes",
      "Author": "Douglas Bates [aut] (ORCID: <https://orcid.org/0000-0001-8316-9503>), Martin Maechler [aut, cre] (ORCID: <https://orcid.org/0000-0002-8685-9910>), Mikael Jagan [aut] (ORCID: <https://orcid.org/0000-0002-3542-2938>), Timothy A. Davis [ctb] (ORCID: <https://orcid.org/0000-0001-7614-6899>, SuiteSparse libraries, collaborators listed in dir(system.file(\"doc\", \"SuiteSparse\", package=\"Matrix\"), pattern=\"License\", full.names=TRUE, recursive=TRUE)), George Karypis [ctb] (ORCID: <https://orcid.org/0000-0003-2753-1437>, METIS library, Copyright: Regents of the University of Minnesota), Jason Riedy [ctb] (ORCID: <https://orcid.org/0000-0002-4345-4200>, GNU Octave's condest() and onenormest(), Copyright: Regents of the University of California), Jens Oehlschlägel [ctb] (initial nearPD()), R Core Team [ctb] (ROR: <https://ror.org/02zz1nj61>, base R's matrix implementation)",
      "Maintainer": "Martin Maechler <mmaechler+Matrix@gmail.com>",
      "Repository": "CRAN"
    },
    "abind": {
      "Package": "abind",
      "Version": "1.4-8",
      "Source": "Repository",
      "Date": "2024-09-08",
      "Title": "Combine Multidimensional Arrays",
      "Authors@R": "c(person(\"Tony\", \"Plate\", email = \"tplate@acm.org\", role = c(\"aut\", \"cre\")), person(\"Richard\", \"Heiberger\", role = c(\"aut\")))",
      "Maintainer": "Tony Plate <tplate@acm.org>",
      "Description": "Combine multidimensional arrays into a single array. This is a generalization of 'cbind' and 'rbind'.  Works with vectors, matrices, and higher-dimensional arrays (aka tensors). Also provides functions 'adrop', 'asub', and 'afill' for manipulating, extracting and replacing data in arrays.",
      "Depends": [
        "R (>= 1.5.0)"
      ],
      "Imports": [
        "methods",
        "utils"
      ],
      "License": "MIT + file LICENSE",
      "NeedsCompilation": "no",
      "Author": "Tony Plate [aut, cre], Richard Heiberger [aut]",
      "Repository": "CRAN"
    },
    "backports": {
      "Package": "backports",
      "Version": "1.5.1",
      "Source": "Repository",
      "Type": "Package",
      "Title": "Reimplementations of Functions Introduced Since R-3.0.0",
      "Authors@R": "c( person(\"Michel\", \"Lang\", NULL, \"michellang@gmail.com\", role = c(\"cre\", \"aut\"), comment = c(ORCID = \"0000-0001-9754-0393\")), person(\"Duncan\", \"Murdoch\", NULL, \"murdoch.duncan@gmail.com\", role = c(\"aut\")), person(\"R Core Team\", role = \"aut\"))",
      "Maintainer": "Michel Lang <michellang@gmail.com>",
      "Description": "Functions introduced or changed since R v3.0.0 are re-implemented in this package. The backports are conditionally exported in order to let R resolve the function name to either the implemented backport, or the respective base version, if available. Package developers can make use of new functions or arguments by selectively importing specific backports to support older installations.",
      "URL": "https://github.com/r-lib/backports",
      "BugReports": "https://github.com/r-lib/backports/issues",
      "License": "GPL-2 | GPL-3",
      "NeedsCompilation": "yes",
      "ByteCompile": "yes",
      "Depends": [
        "R (>= 3.0.0)"
      ],
      "Encoding": "UTF-8",
      "RoxygenNote": "7.3.3",
      "Author": "Michel Lang [cre, aut] (ORCID: <https://orcid.org/0000-0001-9754-0393>), Duncan Murdoch [aut], R Core Team [aut]",
      "Repository": "CRAN"
    },
    "bayesmeta": {
      "Package": "bayesmeta",
      "Version": "3.5",
      "Source": "Repository",
      "Type": "Package",
      "Title": "Bayesian Random-Effects Meta-Analysis and Meta-Regression",
      "Date": "2025-08-29",
      "Authors@R": "c(person(given=\"Christian\", family=\"Roever\", role=c(\"aut\",\"cre\"),  email=\"christian.roever@med.uni-goettingen.de\", comment=c(ORCID=\"0000-0002-6911-698X\")), person(given=\"Tim\", family=\"Friede\", role=\"ctb\", email=\"tim.friede@med.uni-goettingen.de\", comment=c(ORCID=\"0000-0001-5347-7441\")))",
      "Maintainer": "Christian Roever <christian.roever@med.uni-goettingen.de>",
      "Depends": [
        "forestplot (>= 2.0.0)",
        "metafor (>= 2.0-0)",
        "mvtnorm (>= 1.1-1)",
        "numDeriv (>= 2016.8-1.1)"
      ],
      "Suggests": [
        "compute.es",
        "knitr",
        "rmarkdown",
        "R.rsp"
      ],
      "Description": "A collection of functions allowing to derive the posterior distribution of the model parameters in random-effects meta-analysis or meta-regression, and providing functionality to evaluate joint and marginal posterior probability distributions, predictive distributions, shrinkage effects, posterior predictive p-values, etc.; For more details, see also Roever C (2020) <doi:10.18637/jss.v093.i06>, or Roever C and Friede T (2022) <doi:10.1016/j.cmpb.2022.107303>.",
      "License": "GPL (>= 2)",
      "URL": "https://gitlab.gwdg.de/croever/bayesmeta",
      "VignetteBuilder": "knitr, R.rsp",
      "NeedsCompilation": "no",
      "Author": "Christian Roever [aut, cre] (ORCID: <https://orcid.org/0000-0002-6911-698X>), Tim Friede [ctb] (ORCID: <https://orcid.org/0000-0001-5347-7441>)",
      "Repository": "CRAN"
    },
    "checkmate": {
      "Package": "checkmate",
      "Version": "2.3.4",
      "Source": "Repository",
      "Type": "Package",
      "Title": "Fast and Versatile Argument Checks",
      "Description": "Tests and assertions to perform frequent argument checks. A substantial part of the package was written in C to minimize any worries about execution time overhead.",
      "Authors@R": "c( person(\"Michel\", \"Lang\", NULL, \"michellang@gmail.com\", role = c(\"cre\", \"aut\"), comment = c(ORCID = \"0000-0001-9754-0393\")), person(\"Bernd\", \"Bischl\", NULL, \"bernd_bischl@gmx.net\", role = \"ctb\"), person(\"Dénes\", \"Tóth\", NULL, \"toth.denes@kogentum.hu\", role = \"ctb\", comment = c(ORCID = \"0000-0003-4262-3217\")) )",
      "URL": "https://mllg.github.io/checkmate/, https://github.com/mllg/checkmate",
      "URLNote": "https://github.com/mllg/checkmate",
      "BugReports": "https://github.com/mllg/checkmate/issues",
      "NeedsCompilation": "yes",
      "ByteCompile": "yes",
      "Encoding": "UTF-8",
      "Depends": [
        "R (>= 3.0.0)"
      ],
      "Imports": [
        "backports (>= 1.1.0)",
        "utils"
      ],
      "Suggests": [
        "R6",
        "fastmatch",
        "data.table (>= 1.9.8)",
        "devtools",
        "ggplot2",
        "knitr",
        "magrittr",
        "microbenchmark",
        "rmarkdown",
        "testthat (>= 3.0.4)",
        "tinytest (>= 1.1.0)",
        "tibble"
      ],
      "License": "BSD_3_clause + file LICENSE",
      "VignetteBuilder": "knitr",
      "RoxygenNote": "7.3.3",
      "Collate": "'AssertCollection.R' 'allMissing.R' 'anyInfinite.R' 'anyMissing.R' 'anyNaN.R' 'asInteger.R' 'assert.R' 'helper.R' 'makeExpectation.R' 'makeTest.R' 'makeAssertion.R' 'checkAccess.R' 'checkArray.R' 'checkAtomic.R' 'checkAtomicVector.R' 'checkCharacter.R' 'checkChoice.R' 'checkClass.R' 'checkComplex.R' 'checkCount.R' 'checkDataFrame.R' 'checkDataTable.R' 'checkDate.R' 'checkDirectoryExists.R' 'checkDisjunct.R' 'checkDouble.R' 'checkEnvironment.R' 'checkFALSE.R' 'checkFactor.R' 'checkFileExists.R' 'checkFlag.R' 'checkFormula.R' 'checkFunction.R' 'checkInt.R' 'checkInteger.R' 'checkIntegerish.R' 'checkList.R' 'checkLogical.R' 'checkMatrix.R' 'checkMultiClass.R' 'checkNamed.R' 'checkNames.R' 'checkNull.R' 'checkNumber.R' 'checkNumeric.R' 'checkOS.R' 'checkPOSIXct.R' 'checkPathForOutput.R' 'checkPermutation.R' 'checkR6.R' 'checkRaw.R' 'checkScalar.R' 'checkScalarNA.R' 'checkSetEqual.R' 'checkString.R' 'checkSubset.R' 'checkTRUE.R' 'checkTibble.R' 'checkVector.R' 'coalesce.R' 'isIntegerish.R' 'matchArg.R' 'qassert.R' 'qassertr.R' 'vname.R' 'wfwl.R' 'zzz.R'",
      "Author": "Michel Lang [cre, aut] (ORCID: <https://orcid.org/0000-0001-9754-0393>), Bernd Bischl [ctb], Dénes Tóth [ctb] (ORCID: <https://orcid.org/0000-0003-4262-3217>)",
      "Maintainer": "Michel Lang <michellang@gmail.com>",
      "Repository": "CRAN"
    },
    "digest": {
      "Package": "digest",
      "Version": "0.6.39",
      "Source": "Repository",
      "Authors@R": "c(person(\"Dirk\", \"Eddelbuettel\", role = c(\"aut\", \"cre\"), email = \"edd@debian.org\", comment = c(ORCID = \"0000-0001-6419-907X\")), person(\"Antoine\", \"Lucas\", role=\"ctb\", comment = c(ORCID = \"0000-0002-8059-9767\")), person(\"Jarek\", \"Tuszynski\", role=\"ctb\"), person(\"Henrik\", \"Bengtsson\", role=\"ctb\", comment = c(ORCID = \"0000-0002-7579-5165\")), person(\"Simon\", \"Urbanek\", role=\"ctb\", comment = c(ORCID = \"0000-0003-2297-1732\")), person(\"Mario\", \"Frasca\", role=\"ctb\"), person(\"Bryan\", \"Lewis\", role=\"ctb\"), person(\"Murray\", \"Stokely\", role=\"ctb\"), person(\"Hannes\", \"Muehleisen\", role=\"ctb\", comment = c(ORCID = \"0000-0001-8552-0029\")), person(\"Duncan\", \"Murdoch\", role=\"ctb\"), person(\"Jim\", \"Hester\", role=\"ctb\", comment = c(ORCID = \"0000-0002-2739-7082\")), person(\"Wush\", \"Wu\", role=\"ctb\", comment = c(ORCID = \"0000-0001-5180-0567\")), person(\"Qiang\", \"Kou\", role=\"ctb\", comment = c(ORCID = \"0000-0001-6786-5453\")), person(\"Thierry\", \"Onkelinx\", role=\"ctb\", comment = c(ORCID = \"0000-0001-8804-4216\")), person(\"Michel\", \"Lang\", role=\"ctb\", comment = c(ORCID = \"0000-0001-9754-0393\")), person(\"Viliam\", \"Simko\", role=\"ctb\"), person(\"Kurt\", \"Hornik\", role=\"ctb\", comment = c(ORCID = \"0000-0003-4198-9911\")), person(\"Radford\", \"Neal\", role=\"ctb\", comment = c(ORCID = \"0000-0002-2473-3407\")), person(\"Kendon\", \"Bell\", role=\"ctb\", comment = c(ORCID = \"0000-0002-9093-8312\")), person(\"Matthew\", \"de Queljoe\", role=\"ctb\"), person(\"Dmitry\", \"Selivanov\", role=\"ctb\", comment = c(ORCID = \"0000-0003-0492-6647\")), person(\"Ion\", \"Suruceanu\", role=\"ctb\", comment = c(ORCID = \"0009-0005-6446-4909\")), person(\"Bill\", \"Denney\", role=\"ctb\", comment = c(ORCID = \"0000-0002-5759-428X\")), person(\"Dirk\", \"Schumacher\", role=\"ctb\"), person(\"András\", \"Svraka\", role=\"ctb\", comment = c(ORCID = \"0009-0008-8480-1329\")), person(\"Sergey\", \"Fedorov\", role=\"ctb\", comment = c(ORCID = \"0000-0002-5970-7233\")), person(\"Will\", \"Landau\", role=\"ctb\", comment = c(ORCID = \"0000-0003-1878-3253\")), person(\"Floris\", \"Vanderhaeghe\", role=\"ctb\", comment = c(ORCID = \"0000-0002-6378-6229\")), person(\"Kevin\", \"Tappe\", role=\"ctb\"), person(\"Harris\", \"McGehee\", role=\"ctb\"), person(\"Tim\", \"Mastny\", role=\"ctb\"), person(\"Aaron\", \"Peikert\", role=\"ctb\", comment = c(ORCID = \"0000-0001-7813-818X\")), person(\"Mark\", \"van der Loo\", role=\"ctb\", comment = c(ORCID = \"0000-0002-9807-4686\")), person(\"Chris\", \"Muir\", role=\"ctb\", comment = c(ORCID = \"0000-0003-2555-3878\")), person(\"Moritz\", \"Beller\", role=\"ctb\", comment = c(ORCID = \"0000-0003-4852-0526\")), person(\"Sebastian\", \"Campbell\", role=\"ctb\", comment = c(ORCID = \"0009-0000-5948-4503\")), person(\"Winston\", \"Chang\", role=\"ctb\", comment = c(ORCID = \"0000-0002-1576-2126\")), person(\"Dean\", \"Attali\", role=\"ctb\", comment = c(ORCID = \"0000-0002-5645-3493\")), person(\"Michael\", \"Chirico\", role=\"ctb\", comment = c(ORCID = \"0000-0003-0787-087X\")), person(\"Kevin\", \"Ushey\", role=\"ctb\", comment = c(ORCID = \"0000-0003-2880-7407\")), person(\"Carl\", \"Pearson\", role=\"ctb\", comment = c(ORCID = \"0000-0003-0701-7860\")))",
      "Date": "2025-11-19",
      "Title": "Create Compact Hash Digests of R Objects",
      "Description": "Implementation of a function 'digest()' for the creation of hash digests of arbitrary R objects (using the 'md5', 'sha-1', 'sha-256', 'crc32', 'xxhash', 'murmurhash', 'spookyhash', 'blake3', 'crc32c', 'xxh3_64', and 'xxh3_128' algorithms) permitting easy comparison of R language objects, as well as functions such as 'hmac()' to create hash-based message authentication code. Please note that this package is not meant to be deployed for cryptographic purposes for which more comprehensive (and widely tested) libraries such as 'OpenSSL' should be used.",
      "URL": "https://github.com/eddelbuettel/digest, https://eddelbuettel.github.io/digest/, https://dirk.eddelbuettel.com/code/digest.html",
      "BugReports": "https://github.com/eddelbuettel/digest/issues",
      "Depends": [
        "R (>= 3.3.0)"
      ],
      "Imports": [
        "utils"
      ],
      "License": "GPL (>= 2)",
      "Suggests": [
        "tinytest",
        "simplermarkdown",
        "rbenchmark"
      ],
      "VignetteBuilder": "simplermarkdown",
      "Encoding": "UTF-8",
      "NeedsCompilation": "yes",
      "Author": "Dirk Eddelbuettel [aut, cre] (ORCID: <https://orcid.org/0000-0001-6419-907X>), Antoine Lucas [ctb] (ORCID: <https://orcid.org/0000-0002-8059-9767>), Jarek Tuszynski [ctb], Henrik Bengtsson [ctb] (ORCID: <https://orcid.org/0000-0002-7579-5165>), Simon Urbanek [ctb] (ORCID: <https://orcid.org/0000-0003-2297-1732>), Mario Frasca [ctb], Bryan Lewis [ctb], Murray Stokely [ctb], Hannes Muehleisen [ctb] (ORCID: <https://orcid.org/0000-0001-8552-0029>), Duncan Murdoch [ctb], Jim Hester [ctb] (ORCID: <https://orcid.org/0000-0002-2739-7082>), Wush Wu [ctb] (ORCID: <https://orcid.org/0000-0001-5180-0567>), Qiang Kou [ctb] (ORCID: <https://orcid.org/0000-0001-6786-5453>), Thierry Onkelinx [ctb] (ORCID: <https://orcid.org/0000-0001-8804-4216>), Michel Lang [ctb] (ORCID: <https://orcid.org/0000-0001-9754-0393>), Viliam Simko [ctb], Kurt Hornik [ctb] (ORCID: <https://orcid.org/0000-0003-4198-9911>), Radford Neal [ctb] (ORCID: <https://orcid.org/0000-0002-2473-3407>), Kendon Bell [ctb] (ORCID: <https://orcid.org/0000-0002-9093-8312>), Matthew de Queljoe [ctb], Dmitry Selivanov [ctb] (ORCID: <https://orcid.org/0000-0003-0492-6647>), Ion Suruceanu [ctb] (ORCID: <https://orcid.org/0009-0005-6446-4909>), Bill Denney [ctb] (ORCID: <https://orcid.org/0000-0002-5759-428X>), Dirk Schumacher [ctb], András Svraka [ctb] (ORCID: <https://orcid.org/0009-0008-8480-1329>), Sergey Fedorov [ctb] (ORCID: <https://orcid.org/0000-0002-5970-7233>), Will Landau [ctb] (ORCID: <https://orcid.org/0000-0003-1878-3253>), Floris Vanderhaeghe [ctb] (ORCID: <https://orcid.org/0000-0002-6378-6229>), Kevin Tappe [ctb], Harris McGehee [ctb], Tim Mastny [ctb], Aaron Peikert [ctb] (ORCID: <https://orcid.org/0000-0001-7813-818X>), Mark van der Loo [ctb] (ORCID: <https://orcid.org/0000-0002-9807-4686>), Chris Muir [ctb] (ORCID: <https://orcid.org/0000-0003-2555-3878>), Moritz Beller [ctb] (ORCID: <https://orcid.org/0000-0003-4852-0526>), Sebastian Campbell [ctb] (ORCID: <https://orcid.org/0009-0000-5948-4503>), Winston Chang [ctb] (ORCID: <https://orcid.org/0000-0002-1576-2126>), Dean Attali [ctb] (ORCID: <https://orcid.org/0000-0002-5645-3493>), Michael Chirico [ctb] (ORCID: <https://orcid.org/0000-0003-0787-087X>), Kevin Ushey [ctb] (ORCID: <https://orcid.org/0000-0003-2880-7407>), Carl Pearson [ctb] (ORCID: <https://orcid.org/0000-0003-0701-7860>)",
      "Maintainer": "Dirk Eddelbuettel <edd@debian.org>",
      "Repository": "CRAN"
    },
    "forestplot": {
      "Package": "forestplot",
      "Version": "3.2.0",
      "Source": "Repository",
      "Title": "Advanced Forest Plot Using 'grid' Graphics",
      "Authors@R": "c(person(given = \"Max\", family = \"Gordon\", role = c(\"aut\", \"cre\"), email = \"max@gforge.se\"), person(given = \"Thomas\", family = \"Lumley\", role = c(\"aut\", \"ctb\")))",
      "Description": "Allows the creation of forest plots with advanced features, such as multiple confidence intervals per row, customizable fonts for individual text elements, and flexible confidence interval drawing. It also supports mixing text with mathematical expressions. The package extends the application of forest plots beyond traditional meta-analyses, offering a more general version of the original 'rmeta' package’s forestplot() function. It relies heavily on the 'grid' package for rendering the plots.",
      "License": "GPL-2",
      "URL": "https://gforge.se/packages/",
      "BugReports": "https://github.com/gforge/forestplot/issues",
      "Biarch": "yes",
      "Depends": [
        "R (>= 4.1.0)",
        "grid",
        "checkmate",
        "abind"
      ],
      "Suggests": [
        "dplyr",
        "Gmisc",
        "Greg",
        "knitr",
        "purrr",
        "rlang",
        "rmarkdown",
        "rmeta",
        "rms",
        "testthat",
        "tibble",
        "tidyr",
        "tidyselect",
        "tidyverse"
      ],
      "Encoding": "UTF-8",
      "NeedsCompilation": "no",
      "VignetteBuilder": "knitr",
      "RoxygenNote": "7.3.3",
      "LazyData": "true",
      "Author": "Max Gordon [aut, cre], Thomas Lumley [aut, ctb]",
      "Maintainer": "Max Gordon <max@gforge.se>",
      "Repository": "CRAN"
    },
    "jsonlite": {
      "Package": "jsonlite",
      "Version": "2.0.0",
      "Source": "Repository",
      "Title": "A Simple and Robust JSON Parser and Generator for R",
      "License": "MIT + file LICENSE",
      "Depends": [
        "methods"
      ],
      "Authors@R": "c( person(\"Jeroen\", \"Ooms\", role = c(\"aut\", \"cre\"), email = \"jeroenooms@gmail.com\", comment = c(ORCID = \"0000-0002-4035-0289\")), person(\"Duncan\", \"Temple Lang\", role = \"ctb\"), person(\"Lloyd\", \"Hilaiel\", role = \"cph\", comment=\"author of bundled libyajl\"))",
      "URL": "https://jeroen.r-universe.dev/jsonlite https://arxiv.org/abs/1403.2805",
      "BugReports": "https://github.com/jeroen/jsonlite/issues",
      "Maintainer": "Jeroen Ooms <jeroenooms@gmail.com>",
      "VignetteBuilder": "knitr, R.rsp",
      "Description": "A reasonably fast JSON parser and generator, optimized for statistical  data and the web. Offers simple, flexible tools for working with JSON in R, and is particularly powerful for building pipelines and interacting with a web API.  The implementation is based on the mapping described in the vignette (Ooms, 2014). In addition to converting JSON data from/to R objects, 'jsonlite' contains  functions to stream, validate, and prettify JSON data. The unit tests included  with the package verify that all edge cases are encoded and decoded consistently  for use with dynamic data in systems and applications.",
      "Suggests": [
        "httr",
        "vctrs",
        "testthat",
        "knitr",
        "rmarkdown",
        "R.rsp",
        "sf"
      ],
      "RoxygenNote": "7.3.2",
      "Encoding": "UTF-8",
      "NeedsCompilation": "yes",
      "Author": "Jeroen Ooms [aut, cre] (<https://orcid.org/0000-0002-4035-0289>), Duncan Temple Lang [ctb], Lloyd Hilaiel [cph] (author of bundled libyajl)",
      "Repository": "CRAN"
    },
    "lattice": {
      "Package": "lattice",
      "Version": "0.22-7",
      "Source": "Repository",
      "Date": "2025-03-31",
      "Priority": "recommended",
      "Title": "Trellis Graphics for R",
      "Authors@R": "c(person(\"Deepayan\", \"Sarkar\", role = c(\"aut\", \"cre\"), email = \"deepayan.sarkar@r-project.org\", comment = c(ORCID = \"0000-0003-4107-1553\")), person(\"Felix\", \"Andrews\", role = \"ctb\"), person(\"Kevin\", \"Wright\", role = \"ctb\", comment = \"documentation\"), person(\"Neil\", \"Klepeis\", role = \"ctb\"), person(\"Johan\", \"Larsson\", role = \"ctb\", comment = \"miscellaneous improvements\"), person(\"Zhijian (Jason)\", \"Wen\", role = \"cph\", comment = \"filled contour code\"), person(\"Paul\", \"Murrell\", role = \"ctb\", email = \"paul@stat.auckland.ac.nz\"), person(\"Stefan\", \"Eng\", role = \"ctb\", comment = \"violin plot improvements\"), person(\"Achim\", \"Zeileis\", role = \"ctb\", comment = \"modern colors\"), person(\"Alexandre\", \"Courtiol\", role = \"ctb\", comment = \"generics for larrows, lpolygon, lrect and lsegments\") )",
      "Description": "A powerful and elegant high-level data visualization system inspired by Trellis graphics, with an emphasis on multivariate data. Lattice is sufficient for typical graphics needs, and is also flexible enough to handle most nonstandard requirements. See ?Lattice for an introduction.",
      "Depends": [
        "R (>= 4.0.0)"
      ],
      "Suggests": [
        "KernSmooth",
        "MASS",
        "latticeExtra",
        "colorspace"
      ],
      "Imports": [
        "grid",
        "grDevices",
        "graphics",
        "stats",
        "utils"
      ],
      "Enhances": [
        "chron",
        "zoo"
      ],
      "LazyLoad": "yes",
      "LazyData": "yes",
      "License": "GPL (>= 2)",
      "URL": "https://lattice.r-forge.r-project.org/",
      "BugReports": "https://github.com/deepayan/lattice/issues",
      "NeedsCompilation": "yes",
      "Author": "Deepayan Sarkar [aut, cre] (<https://orcid.org/0000-0003-4107-1553>), Felix Andrews [ctb], Kevin Wright [ctb] (documentation), Neil Klepeis [ctb], Johan Larsson [ctb] (miscellaneous improvements), Zhijian (Jason) Wen [cph] (filled contour code), Paul Murrell [ctb], Stefan Eng [ctb] (violin plot improvements), Achim Zeileis [ctb] (modern colors), Alexandre Courtiol [ctb] (generics for larrows, lpolygon, lrect and lsegments)",
      "Maintainer": "Deepayan Sarkar <deepayan.sarkar@r-project.org>",
      "Repository": "CRAN"
    },
    "mathjaxr": {
      "Package": "mathjaxr",
      "Version": "2.0-0",
      "Source": "Repository",
      "Date": "2025-12-01",
      "Title": "Using 'Mathjax' in Rd Files",
      "Authors@R": "person(given = \"Wolfgang\", family = \"Viechtbauer\", role = c(\"aut\",\"cre\"), email = \"wvb@wvbauer.com\", comment = c(ORCID = \"0000-0003-3463-4063\"))",
      "Description": "Provides 'MathJax' and macros to enable its use within Rd files for rendering equations in the HTML help files.",
      "License": "GPL-3",
      "Encoding": "UTF-8",
      "BuildManual": "TRUE",
      "URL": "https://github.com/wviechtb/mathjaxr",
      "BugReports": "https://github.com/wviechtb/mathjaxr/issues",
      "NeedsCompilation": "no",
      "Author": "Wolfgang Viechtbauer [aut, cre] (ORCID: <https://orcid.org/0000-0003-3463-4063>)",
      "Maintainer": "Wolfgang Viechtbauer <wvb@wvbauer.com>",
      "Repository": "CRAN"
    },
    "metadat": {
      "Package": "metadat",
      "Version": "1.4-0",
      "Source": "Repository",
      "Date": "2025-02-04",
      "Title": "Meta-Analysis Datasets",
      "Authors@R": "c( person(given = \"Wolfgang\", family = \"Viechtbauer\", role = c(\"aut\",\"cre\"), email = \"wvb@metafor-project.org\", comment = c(ORCID = \"0000-0003-3463-4063\")), person(given = \"Thomas\", family=\"White\", role=\"aut\", email = \"thomas.white@sydney.edu.au\", comment = c(ORCID = \"0000-0002-3976-1734\")), person(given = \"Daniel\", family=\"Noble\", role=\"aut\", email = \"daniel.noble@anu.edu.au\", comment = c(ORCID = \"0000-0001-9460-8743\")), person(given = \"Alistair\", family=\"Senior\", role=\"aut\", email = \"alistair.senior@sydney.edu.au\", comment = c(ORCID = \"0000-0001-9805-7280\")), person(given = \"W. Kyle\", family=\"Hamilton\", role=\"aut\", email = \"whamilton@ucmerced.edu\", comment = c(ORCID = \"0000-0002-8642-7990\")), person(given = \"Guido\", family = \"Schwarzer\", role = \"dtc\", email = \"guido.schwarzer@uniklinik-freiburg.de\", comment = c(ORCID = \"0000-0001-6214-9087\")))",
      "Depends": [
        "R (>= 4.0.0)"
      ],
      "Imports": [
        "utils",
        "tools",
        "mathjaxr"
      ],
      "Suggests": [
        "metafor",
        "numDeriv",
        "BiasedUrn",
        "dfoptim",
        "igraph",
        "ape",
        "testthat",
        "digest",
        "lme4",
        "clubSandwich",
        "meta",
        "netmeta",
        "mvtnorm",
        "gridExtra",
        "rms",
        "bayesmeta",
        "ellipse"
      ],
      "Description": "A collection of meta-analysis datasets for teaching purposes, illustrating/testing meta-analytic methods, and validating published analyses.",
      "License": "GPL (>= 2)",
      "ByteCompile": "TRUE",
      "LazyData": "TRUE",
      "Encoding": "UTF-8",
      "RdMacros": "mathjaxr",
      "BuildManual": "TRUE",
      "URL": "https://github.com/wviechtb/metadat, https://wviechtb.github.io/metadat/",
      "BugReports": "https://github.com/wviechtb/metadat/issues",
      "NeedsCompilation": "no",
      "Author": "Wolfgang Viechtbauer [aut, cre] (<https://orcid.org/0000-0003-3463-4063>), Thomas White [aut] (<https://orcid.org/0000-0002-3976-1734>), Daniel Noble [aut] (<https://orcid.org/0000-0001-9460-8743>), Alistair Senior [aut] (<https://orcid.org/0000-0001-9805-7280>), W. Kyle Hamilton [aut] (<https://orcid.org/0000-0002-8642-7990>), Guido Schwarzer [dtc] (<https://orcid.org/0000-0001-6214-9087>)",
      "Maintainer": "Wolfgang Viechtbauer <wvb@metafor-project.org>",
      "Repository": "CRAN"
    },
    "metafor": {
      "Package": "metafor",
      "Version": "4.8-0",
      "Source": "Repository",
      "Date": "2025-01-28",
      "Title": "Meta-Analysis Package for R",
      "Authors@R": "person(given = \"Wolfgang\", family = \"Viechtbauer\", role = c(\"aut\",\"cre\"), email = \"wvb@metafor-project.org\", comment = c(ORCID = \"0000-0003-3463-4063\"))",
      "Depends": [
        "R (>= 4.0.0)",
        "methods",
        "Matrix",
        "metadat",
        "numDeriv"
      ],
      "Imports": [
        "stats",
        "utils",
        "graphics",
        "grDevices",
        "nlme",
        "mathjaxr",
        "pbapply",
        "digest"
      ],
      "Suggests": [
        "lme4",
        "pracma",
        "minqa",
        "nloptr",
        "dfoptim",
        "ucminf",
        "lbfgsb3c",
        "subplex",
        "BB",
        "Rsolnp",
        "alabama",
        "optimParallel",
        "optimx",
        "CompQuadForm",
        "mvtnorm",
        "BiasedUrn",
        "Epi",
        "survival",
        "GLMMadaptive",
        "glmmTMB",
        "car",
        "multcomp",
        "gsl",
        "sp",
        "ape",
        "boot",
        "clubSandwich",
        "crayon",
        "R.rsp",
        "testthat",
        "rmarkdown",
        "wildmeta",
        "emmeans",
        "estmeansd",
        "metaBLUE",
        "rstudioapi",
        "glmulti",
        "MuMIn",
        "mice",
        "Amelia",
        "calculus"
      ],
      "Description": "A comprehensive collection of functions for conducting meta-analyses in R. The package includes functions to calculate various effect sizes or outcome measures, fit equal-, fixed-, random-, and mixed-effects models to such data, carry out moderator and meta-regression analyses, and create various types of meta-analytical plots (e.g., forest, funnel, radial, L'Abbe, Baujat, bubble, and GOSH plots). For meta-analyses of binomial and person-time data, the package also provides functions that implement specialized methods, including the Mantel-Haenszel method, Peto's method, and a variety of suitable generalized linear (mixed-effects) models (i.e., mixed-effects logistic and Poisson regression models). Finally, the package provides functionality for fitting meta-analytic multivariate/multilevel models that account for non-independent sampling errors and/or true effects (e.g., due to the inclusion of multiple treatment studies, multiple endpoints, or other forms of clustering). Network meta-analyses and meta-analyses accounting for known correlation structures (e.g., due to phylogenetic relatedness) can also be conducted. An introduction to the package can be found in Viechtbauer (2010) <doi:10.18637/jss.v036.i03>.",
      "License": "GPL (>= 2)",
      "ByteCompile": "TRUE",
      "Encoding": "UTF-8",
      "RdMacros": "mathjaxr",
      "VignetteBuilder": "R.rsp",
      "BuildManual": "TRUE",
      "URL": "https://www.metafor-project.org https://github.com/wviechtb/metafor https://wviechtb.github.io/metafor/ https://www.wvbauer.com",
      "BugReports": "https://github.com/wviechtb/metafor/issues",
      "NeedsCompilation": "no",
      "Author": "Wolfgang Viechtbauer [aut, cre] (<https://orcid.org/0000-0003-3463-4063>)",
      "Maintainer": "Wolfgang Viechtbauer <wvb@metafor-project.org>",
      "Repository": "CRAN"
    },
    "mvtnorm": {
      "Package": "mvtnorm",
      "Version": "1.3-7",
      "Source": "Repository",
      "Title": "Multivariate Normal and t Distributions",
      "Date": "2026-04-14",
      "Authors@R": "c(person(\"Alan\", \"Genz\", role = \"aut\"), person(\"Frank\", \"Bretz\", role = \"aut\"), person(\"Tetsuhisa\", \"Miwa\", role = \"aut\"), person(\"Xuefei\", \"Mi\", role = \"aut\"), person(\"Friedrich\", \"Leisch\", role = \"ctb\"), person(\"Fabian\", \"Scheipl\", role = \"ctb\"), person(\"Bjoern\", \"Bornkamp\", role = \"ctb\", comment = c(ORCID = \"0000-0002-6294-8185\")), person(\"Martin\", \"Maechler\", role = \"ctb\", comment = c(ORCID = \"0000-0002-8685-9910\")), person(\"Torsten\", \"Hothorn\", role = c(\"aut\", \"cre\"), email = \"Torsten.Hothorn@R-project.org\", comment = c(ORCID = \"0000-0001-8301-0471\")))",
      "Description": "Computes multivariate normal and t probabilities, quantiles, random deviates,  and densities. Log-likelihoods for multivariate Gaussian models and Gaussian copulae  parameterised by Cholesky factors of covariance or precision matrices are implemented  for interval-censored and exact data, or a mix thereof. Score functions for these  log-likelihoods are available. A class representing multiple lower triangular matrices  and corresponding methods are part of this package.",
      "Imports": [
        "stats"
      ],
      "Depends": [
        "R(>= 3.5.0)"
      ],
      "Suggests": [
        "qrng",
        "numDeriv",
        "bibtex"
      ],
      "License": "GPL-2",
      "URL": "http://mvtnorm.R-forge.R-project.org",
      "NeedsCompilation": "yes",
      "Author": "Alan Genz [aut], Frank Bretz [aut], Tetsuhisa Miwa [aut], Xuefei Mi [aut], Friedrich Leisch [ctb], Fabian Scheipl [ctb], Bjoern Bornkamp [ctb] (ORCID: <https://orcid.org/0000-0002-6294-8185>), Martin Maechler [ctb] (ORCID: <https://orcid.org/0000-0002-8685-9910>), Torsten Hothorn [aut, cre] (ORCID: <https://orcid.org/0000-0001-8301-0471>)",
      "Maintainer": "Torsten Hothorn <Torsten.Hothorn@R-project.org>",
      "Repository": "CRAN"
    },
    "nlme": {
      "Package": "nlme",
      "Version": "3.1-168",
      "Source": "Repository",
      "Date": "2025-03-31",
      "Priority": "recommended",
      "Title": "Linear and Nonlinear Mixed Effects Models",
      "Authors@R": "c(person(\"José\", \"Pinheiro\", role = \"aut\", comment = \"S version\"), person(\"Douglas\", \"Bates\", role = \"aut\", comment = \"up to 2007\"), person(\"Saikat\", \"DebRoy\", role = \"ctb\", comment = \"up to 2002\"), person(\"Deepayan\", \"Sarkar\", role = \"ctb\", comment = \"up to 2005\"), person(\"EISPACK authors\", role = \"ctb\", comment = \"src/rs.f\"), person(\"Siem\", \"Heisterkamp\", role = \"ctb\", comment = \"Author fixed sigma\"), person(\"Bert\", \"Van Willigen\",role = \"ctb\", comment = \"Programmer fixed sigma\"), person(\"Johannes\", \"Ranke\", role = \"ctb\", comment = \"varConstProp()\"), person(\"R Core Team\", email = \"R-core@R-project.org\", role = c(\"aut\", \"cre\"), comment = c(ROR = \"02zz1nj61\")))",
      "Contact": "see 'MailingList'",
      "Description": "Fit and compare Gaussian linear and nonlinear mixed-effects models.",
      "Depends": [
        "R (>= 3.6.0)"
      ],
      "Imports": [
        "graphics",
        "stats",
        "utils",
        "lattice"
      ],
      "Suggests": [
        "MASS",
        "SASmixed"
      ],
      "LazyData": "yes",
      "Encoding": "UTF-8",
      "License": "GPL (>= 2)",
      "BugReports": "https://bugs.r-project.org",
      "MailingList": "R-help@r-project.org",
      "URL": "https://svn.r-project.org/R-packages/trunk/nlme/",
      "NeedsCompilation": "yes",
      "Author": "José Pinheiro [aut] (S version), Douglas Bates [aut] (up to 2007), Saikat DebRoy [ctb] (up to 2002), Deepayan Sarkar [ctb] (up to 2005), EISPACK authors [ctb] (src/rs.f), Siem Heisterkamp [ctb] (Author fixed sigma), Bert Van Willigen [ctb] (Programmer fixed sigma), Johannes Ranke [ctb] (varConstProp()), R Core Team [aut, cre] (02zz1nj61)",
      "Maintainer": "R Core Team <R-core@R-project.org>",
      "Repository": "CRAN"
    },
    "numDeriv": {
      "Package": "numDeriv",
      "Version": "2016.8-1.1",
      "Source": "Repository",
      "Title": "Accurate Numerical Derivatives",
      "Description": "Methods for calculating (usually) accurate numerical first and second order derivatives. Accurate calculations  are done using 'Richardson''s' extrapolation or, when applicable, a complex step derivative is available. A simple difference  method is also provided. Simple difference is (usually) less accurate but is much quicker than 'Richardson''s' extrapolation and provides a  useful cross-check.  Methods are provided for real scalar and vector valued functions.",
      "Depends": [
        "R (>= 2.11.1)"
      ],
      "LazyLoad": "yes",
      "ByteCompile": "yes",
      "License": "GPL-2",
      "Copyright": "2006-2011, Bank of Canada. 2012-2016, Paul Gilbert",
      "Author": "Paul Gilbert and Ravi Varadhan",
      "Maintainer": "Paul Gilbert <pgilbert.ttv9z@ncf.ca>",
      "URL": "http://optimizer.r-forge.r-project.org/",
      "NeedsCompilation": "no",
      "Repository": "CRAN"
    },
    "pbapply": {
      "Package": "pbapply",
      "Version": "1.7-4",
      "Source": "Repository",
      "Type": "Package",
      "Title": "Adding Progress Bar to '*apply' Functions",
      "Date": "2025-07-19",
      "Authors@R": "c(person(given = \"Peter\", family = \"Solymos\", comment = c(ORCID = \"0000-0001-7337-1740\"), role = c(\"aut\", \"cre\"), email = \"psolymos@gmail.com\"), person(given = \"Zygmunt\", family = \"Zawadzki\", role = \"aut\", email = \"zygmunt@zstat.pl\"), person(given = \"Henrik\",  family = \"Bengtsson\",  role = \"ctb\", email = \"henrikb@braju.com\"), person(\"R Core Team\", role = c(\"cph\", \"ctb\")))",
      "Maintainer": "Peter Solymos <psolymos@gmail.com>",
      "Description": "A lightweight package that adds progress bar to vectorized R functions ('*apply'). The implementation can easily be added to functions where showing the progress is useful (e.g. bootstrap). The type and style of the progress bar (with percentages or remaining time) can be set through options. Supports several parallel processing backends including mirai and future.",
      "Depends": [
        "R (>= 3.2.0)"
      ],
      "Imports": [
        "parallel"
      ],
      "Suggests": [
        "shiny",
        "future",
        "future.apply"
      ],
      "License": "GPL (>= 2)",
      "URL": "https://github.com/psolymos/pbapply, https://peter.solymos.org/pbapply/",
      "BugReports": "https://github.com/psolymos/pbapply/issues",
      "NeedsCompilation": "no",
      "Author": "Peter Solymos [aut, cre] (ORCID: <https://orcid.org/0000-0001-7337-1740>), Zygmunt Zawadzki [aut], Henrik Bengtsson [ctb], R Core Team [cph, ctb]",
      "Repository": "CRAN"
    },
    "renv": {
      "Package": "renv",
      "Version": "1.1.5",
      "Source": "Repository",
      "Type": "Package",
      "Title": "Project Environments",
      "Authors@R": "c( person(\"Kevin\", \"Ushey\", role = c(\"aut\", \"cre\"), email = \"kevin@rstudio.com\", comment = c(ORCID = \"0000-0003-2880-7407\")), person(\"Hadley\", \"Wickham\", role = c(\"aut\"), email = \"hadley@rstudio.com\", comment = c(ORCID = \"0000-0003-4757-117X\")), person(\"Posit Software, PBC\", role = c(\"cph\", \"fnd\")) )",
      "Description": "A dependency management toolkit for R. Using 'renv', you can create and manage project-local R libraries, save the state of these libraries to a 'lockfile', and later restore your library as required. Together, these tools can help make your projects more isolated, portable, and reproducible.",
      "License": "MIT + file LICENSE",
      "URL": "https://rstudio.github.io/renv/, https://github.com/rstudio/renv",
      "BugReports": "https://github.com/rstudio/renv/issues",
      "Imports": [
        "utils"
      ],
      "Suggests": [
        "BiocManager",
        "cli",
        "compiler",
        "covr",
        "cpp11",
        "devtools",
        "generics",
        "gitcreds",
        "jsonlite",
        "jsonvalidate",
        "knitr",
        "miniUI",
        "modules",
        "packrat",
        "pak",
        "R6",
        "remotes",
        "reticulate",
        "rmarkdown",
        "rstudioapi",
        "shiny",
        "testthat",
        "uuid",
        "waldo",
        "yaml",
        "webfakes"
      ],
      "Encoding": "UTF-8",
      "RoxygenNote": "7.3.2",
      "VignetteBuilder": "knitr",
      "Config/Needs/website": "tidyverse/tidytemplate",
      "Config/testthat/edition": "3",
      "Config/testthat/parallel": "true",
      "Config/testthat/start-first": "bioconductor,python,install,restore,snapshot,retrieve,remotes",
      "NeedsCompilation": "no",
      "Author": "Kevin Ushey [aut, cre] (ORCID: <https://orcid.org/0000-0003-2880-7407>), Hadley Wickham [aut] (ORCID: <https://orcid.org/0000-0003-4757-117X>), Posit Software, PBC [cph, fnd]",
      "Maintainer": "Kevin Ushey <kevin@rstudio.com>",
      "Repository": "CRAN"
    }
  }
}
